
Microsoft Visual Studio Solution File, Format Version 12.00
# Visual Studio 15
VisualStudioVersion = 15.0.26730.3
MinimumVisualStudioVersion = 10.0.40219.1
Project("{FAE04EC0-301F-11D3-BF4B-00C04F79EFBC}") = "Wardrobe", "Wardrobe\Wardrobe.csproj", "{291A4FD8-9FC7-4F2C-A884-C8A49F28156D}"
EndProject
Global
	GlobalSection(SolutionConfigurationPlatforms) = preSolution
		Debug|Any CPU = Debug|Any CPU
		Release|Any CPU = Release|Any CPU
	EndGlobalSection
	GlobalSection(ProjectConfigurationPlatforms) = postSolution
		{291A4FD8-9FC7-4F2C-A884-C8A49F28156D}.Debug|Any CPU.ActiveCfg = Debug|Any CPU
		{291A4FD8-9FC7-4F2C-A884-C8A49F28156D}.Debug|Any CPU.Build.0 = Debug|Any CPU
		{291A4FD8-9FC7-4F2C-A884-C8A49F28156D}.Release|Any CPU.ActiveCfg = Release|Any CPU
		{291A4FD8-9FC7-4F2C-A884-C8A49F28156D}.Release|Any CPU.Build.0 = Release|Any CPU
	EndGlobalSection
	GlobalSection(SolutionProperties) = preSolution
		HideSolutionNode = FALSE
	EndGlobalSection
	GlobalSection(ExtensibilityGlobals) = postSolution
		SolutionGuid = {B23E0E79-6819-4E05-8523-115CDB55F257}
	EndGlobalSection
EndGlobal
